// !$*UTF8*$!
{
	archiveVersion = 1;
	classes = {
	};
	objectVersion = 56;
	objects = {

/* Begin PBXBuildFile section */
		BCBC88EE2BF6433D00BF624D /* AppDelegate.swift in Sources */ = {isa = PBXBuildFile; fileRef = BCBC88ED2BF6433D00BF624D /* AppDelegate.swift */; };
		BCBC88F02BF6433D00BF624D /* SceneDelegate.swift in Sources */ = {isa = PBXBuildFile; fileRef = BCBC88EF2BF6433D00BF624D /* SceneDelegate.swift */; };
		BCBC88F22BF6433D00BF624D /* ViewController.swift in Sources */ = {isa = PBXBuildFile; fileRef = BCBC88F12BF6433D00BF624D /* ViewController.swift */; };
		BCBC88F82BF6433D00BF624D /* Arbuz.xcdatamodeld in Sources */ = {isa = PBXBuildFile; fileRef = BCBC88F62BF6433D00BF624D /* Arbuz.xcdatamodeld */; };
		BCBC88FA2BF6433F00BF624D /* Assets.xcassets in Resources */ = {isa = PBXBuildFile; fileRef = BCBC88F92BF6433F00BF624D /* Assets.xcassets */; };
		BCBC88FD2BF6433F00BF624D /* LaunchScreen.storyboard in Resources */ = {isa = PBXBuildFile; fileRef = BCBC88FB2BF6433F00BF624D /* LaunchScreen.storyboard */; };
		BCBC89052BF651E300BF624D /* AppCoordinator.swift in Sources */ = {isa = PBXBuildFile; fileRef = BCBC89042BF651E300BF624D /* AppCoordinator.swift */; };
		BCBC89072BF6525500BF624D /* Coordinator.swift in Sources */ = {isa = PBXBuildFile; fileRef = BCBC89062BF6525500BF624D /* Coordinator.swift */; };
		BCBC890D2BF67C2300BF624D /* HomeCoordinator.swift in Sources */ = {isa = PBXBuildFile; fileRef = BCBC890C2BF67C2300BF624D /* HomeCoordinator.swift */; };
		BCBC890F2BF67E5B00BF624D /* MainCoordinator.swift in Sources */ = {isa = PBXBuildFile; fileRef = BCBC890E2BF67E5B00BF624D /* MainCoordinator.swift */; };
		BCBC89112BF67FA300BF624D /* OnboardingCoordinator.swift in Sources */ = {isa = PBXBuildFile; fileRef = BCBC89102BF67FA300BF624D /* OnboardingCoordinator.swift */; };
		BCBC89142BF67FD600BF624D /* OnboardingView.swift in Sources */ = {isa = PBXBuildFile; fileRef = BCBC89132BF67FD600BF624D /* OnboardingView.swift */; };
		BCBC89162BF680E400BF624D /* BasketCoordinator.swift in Sources */ = {isa = PBXBuildFile; fileRef = BCBC89152BF680E400BF624D /* BasketCoordinator.swift */; };
/* End PBXBuildFile section */

/* Begin PBXFileReference section */
		BCBC88EA2BF6433D00BF624D /* Arbuz.app */ = {isa = PBXFileReference; explicitFileType = wrapper.application; includeInIndex = 0; path = Arbuz.app; sourceTree = BUILT_PRODUCTS_DIR; };
		BCBC88ED2BF6433D00BF624D /* AppDelegate.swift */ = {isa = PBXFileReference; lastKnownFileType = sourcecode.swift; path = AppDelegate.swift; sourceTree = "<group>"; };
		BCBC88EF2BF6433D00BF624D /* SceneDelegate.swift */ = {isa = PBXFileReference; lastKnownFileType = sourcecode.swift; path = SceneDelegate.swift; sourceTree = "<group>"; };
		BCBC88F12BF6433D00BF624D /* ViewController.swift */ = {isa = PBXFileReference; lastKnownFileType = sourcecode.swift; path = ViewController.swift; sourceTree = "<group>"; };
		BCBC88F72BF6433D00BF624D /* Arbuz.xcdatamodel */ = {isa = PBXFileReference; lastKnownFileType = wrapper.xcdatamodel; path = Arbuz.xcdatamodel; sourceTree = "<group>"; };
		BCBC88F92BF6433F00BF624D /* Assets.xcassets */ = {isa = PBXFileReference; lastKnownFileType = folder.assetcatalog; path = Assets.xcassets; sourceTree = "<group>"; };
		BCBC88FC2BF6433F00BF624D /* Base */ = {isa = PBXFileReference; lastKnownFileType = file.storyboard; name = Base; path = Base.lproj/LaunchScreen.storyboard; sourceTree = "<group>"; };
		BCBC88FE2BF6433F00BF624D /* Info.plist */ = {isa = PBXFileReference; lastKnownFileType = text.plist.xml; path = Info.plist; sourceTree = "<group>"; };
		BCBC89042BF651E300BF624D /* AppCoordinator.swift */ = {isa = PBXFileReference; lastKnownFileType = sourcecode.swift; path = AppCoordinator.swift; sourceTree = "<group>"; };
		BCBC89062BF6525500BF624D /* Coordinator.swift */ = {isa = PBXFileReference; lastKnownFileType = sourcecode.swift; path = Coordinator.swift; sourceTree = "<group>"; };
		BCBC890C2BF67C2300BF624D /* HomeCoordinator.swift */ = {isa = PBXFileReference; lastKnownFileType = sourcecode.swift; path = HomeCoordinator.swift; sourceTree = "<group>"; };
		BCBC890E2BF67E5B00BF624D /* MainCoordinator.swift */ = {isa = PBXFileReference; lastKnownFileType = sourcecode.swift; path = MainCoordinator.swift; sourceTree = "<group>"; };
		BCBC89102BF67FA300BF624D /* OnboardingCoordinator.swift */ = {isa = PBXFileReference; lastKnownFileType = sourcecode.swift; path = OnboardingCoordinator.swift; sourceTree = "<group>"; };
		BCBC89132BF67FD600BF624D /* OnboardingView.swift */ = {isa = PBXFileReference; lastKnownFileType = sourcecode.swift; path = OnboardingView.swift; sourceTree = "<group>"; };
		BCBC89152BF680E400BF624D /* BasketCoordinator.swift */ = {isa = PBXFileReference; lastKnownFileType = sourcecode.swift; path = BasketCoordinator.swift; sourceTree = "<group>"; };
/* End PBXFileReference section */

/* Begin PBXFrameworksBuildPhase section */
		BCBC88E72BF6433D00BF624D /* Frameworks */ = {
			isa = PBXFrameworksBuildPhase;
			buildActionMask = 2147483647;
			files = (
			);
			runOnlyForDeploymentPostprocessing = 0;
		};
/* End PBXFrameworksBuildPhase section */

/* Begin PBXGroup section */
		BCBC88E12BF6433D00BF624D = {
			isa = PBXGroup;
			children = (
				BCBC88EC2BF6433D00BF624D /* Arbuz */,
				BCBC88EB2BF6433D00BF624D /* Products */,
			);
			sourceTree = "<group>";
		};
		BCBC88EB2BF6433D00BF624D /* Products */ = {
			isa = PBXGroup;
			children = (
				BCBC88EA2BF6433D00BF624D /* Arbuz.app */,
			);
			name = Products;
			sourceTree = "<group>";
		};
		BCBC88EC2BF6433D00BF624D /* Arbuz */ = {
			isa = PBXGroup;
			children = (
				BCBC89082BF653DF00BF624D /* App */,
				BCBC88F62BF6433D00BF624D /* Arbuz.xcdatamodeld */,
				BCBC88F92BF6433F00BF624D /* Assets.xcassets */,
				BCBC89062BF6525500BF624D /* Coordinator.swift */,
				BCBC88FE2BF6433F00BF624D /* Info.plist */,
				BCBC88FB2BF6433F00BF624D /* LaunchScreen.storyboard */,
				BCBC88F12BF6433D00BF624D /* ViewController.swift */,
			);
			path = Arbuz;
			sourceTree = "<group>";
		};
		BCBC89082BF653DF00BF624D /* App */ = {
			isa = PBXGroup;
			children = (
				BCBC890B2BF67B7300BF624D /* OnBoarding */,
				BCBC890A2BF67B6D00BF624D /* Basket */,
				BCBC89092BF67B6300BF624D /* Home */,
				BCBC89042BF651E300BF624D /* AppCoordinator.swift */,
				BCBC88ED2BF6433D00BF624D /* AppDelegate.swift */,
				BCBC88EF2BF6433D00BF624D /* SceneDelegate.swift */,
				BCBC890E2BF67E5B00BF624D /* MainCoordinator.swift */,
				BCBC89102BF67FA300BF624D /* OnboardingCoordinator.swift */,
			);
			path = App;
			sourceTree = "<group>";
		};
		BCBC89092BF67B6300BF624D /* Home */ = {
			isa = PBXGroup;
			children = (
				BCBC890C2BF67C2300BF624D /* HomeCoordinator.swift */,
			);
			path = Home;
			sourceTree = "<group>";
		};
		BCBC890A2BF67B6D00BF624D /* Basket */ = {
			isa = PBXGroup;
			children = (
				BCBC89152BF680E400BF624D /* BasketCoordinator.swift */,
			);
			path = Basket;
			sourceTree = "<group>";
		};
		BCBC890B2BF67B7300BF624D /* OnBoarding */ = {
			isa = PBXGroup;
			children = (
				BCBC89132BF67FD600BF624D /* OnboardingView.swift */,
			);
			path = OnBoarding;
			sourceTree = "<group>";
		};
/* End PBXGroup section */

/* Begin PBXNativeTarget section */
		BCBC88E92BF6433D00BF624D /* Arbuz */ = {
			isa = PBXNativeTarget;
			buildConfigurationList = BCBC89012BF6433F00BF624D /* Build configuration list for PBXNativeTarget "Arbuz" */;
			buildPhases = (
				BCBC88E62BF6433D00BF624D /* Sources */,
				BCBC88E72BF6433D00BF624D /* Frameworks */,
				BCBC88E82BF6433D00BF624D /* Resources */,
			);
			buildRules = (
			);
			dependencies = (
			);
			name = Arbuz;
			productName = Arbuz;
			productReference = BCBC88EA2BF6433D00BF624D /* Arbuz.app */;
			productType = "com.apple.product-type.application";
		};
/* End PBXNativeTarget section */

/* Begin PBXProject section */
		BCBC88E22BF6433D00BF624D /* Project object */ = {
			isa = PBXProject;
			attributes = {
				BuildIndependentTargetsInParallel = 1;
				LastSwiftUpdateCheck = 1500;
				LastUpgradeCheck = 1500;
				TargetAttributes = {
					BCBC88E92BF6433D00BF624D = {
						CreatedOnToolsVersion = 15.0.1;
					};
				};
			};
			buildConfigurationList = BCBC88E52BF6433D00BF624D /* Build configuration list for PBXProject "Arbuz" */;
			compatibilityVersion = "Xcode 14.0";
			developmentRegion = en;
			hasScannedForEncodings = 0;
			knownRegions = (
				en,
				Base,
			);
			mainGroup = BCBC88E12BF6433D00BF624D;
			productRefGroup = BCBC88EB2BF6433D00BF624D /* Products */;
			projectDirPath = "";
			projectRoot = "";
			targets = (
				BCBC88E92BF6433D00BF624D /* Arbuz */,
			);
		};
/* End PBXProject section */

/* Begin PBXResourcesBuildPhase section */
		BCBC88E82BF6433D00BF624D /* Resources */ = {
			isa = PBXResourcesBuildPhase;
			buildActionMask = 2147483647;
			files = (
				BCBC88FA2BF6433F00BF624D /* Assets.xcassets in Resources */,
				BCBC88FD2BF6433F00BF624D /* LaunchScreen.storyboard in Resources */,
			);
			runOnlyForDeploymentPostprocessing = 0;
		};
/* End PBXResourcesBuildPhase section */

/* Begin PBXSourcesBuildPhase section */
		BCBC88E62BF6433D00BF624D /* Sources */ = {
			isa = PBXSourcesBuildPhase;
			buildActionMask = 2147483647;
			files = (
				BCBC89052BF651E300BF624D /* AppCoordinator.swift in Sources */,
				BCBC890F2BF67E5B00BF624D /* MainCoordinator.swift in Sources */,
				BCBC88EE2BF6433D00BF624D /* AppDelegate.swift in Sources */,
				BCBC89142BF67FD600BF624D /* OnboardingView.swift in Sources */,
				BCBC88F82BF6433D00BF624D /* Arbuz.xcdatamodeld in Sources */,
				BCBC89162BF680E400BF624D /* BasketCoordinator.swift in Sources */,
				BCBC89112BF67FA300BF624D /* OnboardingCoordinator.swift in Sources */,
				BCBC89072BF6525500BF624D /* Coordinator.swift in Sources */,
				BCBC88F02BF6433D00BF624D /* SceneDelegate.swift in Sources */,
				BCBC890D2BF67C2300BF624D /* HomeCoordinator.swift in Sources */,
				BCBC88F22BF6433D00BF624D /* ViewController.swift in Sources */,
			);
			runOnlyForDeploymentPostprocessing = 0;
		};
/* End PBXSourcesBuildPhase section */

/* Begin PBXVariantGroup section */
		BCBC88FB2BF6433F00BF624D /* LaunchScreen.storyboard */ = {
			isa = PBXVariantGroup;
			children = (
				BCBC88FC2BF6433F00BF624D /* Base */,
			);
			name = LaunchScreen.storyboard;
			sourceTree = "<group>";
		};
/* End PBXVariantGroup section */

/* Begin XCBuildConfiguration section */
		BCBC88FF2BF6433F00BF624D /* Debug */ = {
			isa = XCBuildConfiguration;
			buildSettings = {
				ALWAYS_SEARCH_USER_PATHS = NO;
				ASSETCATALOG_COMPILER_GENERATE_SWIFT_ASSET_SYMBOL_EXTENSIONS = YES;
				CLANG_ANALYZER_NONNULL = YES;
				CLANG_ANALYZER_NUMBER_OBJECT_CONVERSION = YES_AGGRESSIVE;
				CLANG_CXX_LANGUAGE_STANDARD = "gnu++20";
				CLANG_ENABLE_MODULES = YES;
				CLANG_ENABLE_OBJC_ARC = YES;
				CLANG_ENABLE_OBJC_WEAK = YES;
				CLANG_WARN_BLOCK_CAPTURE_AUTORELEASING = YES;
				CLANG_WARN_BOOL_CONVERSION = YES;
				CLANG_WARN_COMMA = YES;
				CLANG_WARN_CONSTANT_CONVERSION = YES;
				CLANG_WARN_DEPRECATED_OBJC_IMPLEMENTATIONS = YES;
				CLANG_WARN_DIRECT_OBJC_ISA_USAGE = YES_ERROR;
				CLANG_WARN_DOCUMENTATION_COMMENTS = YES;
				CLANG_WARN_EMPTY_BODY = YES;
				CLANG_WARN_ENUM_CONVERSION = YES;
				CLANG_WARN_INFINITE_RECURSION = YES;
				CLANG_WARN_INT_CONVERSION = YES;
				CLANG_WARN_NON_LITERAL_NULL_CONVERSION = YES;
				CLANG_WARN_OBJC_IMPLICIT_RETAIN_SELF = YES;
				CLANG_WARN_OBJC_LITERAL_CONVERSION = YES;
				CLANG_WARN_OBJC_ROOT_CLASS = YES_ERROR;
				CLANG_WARN_QUOTED_INCLUDE_IN_FRAMEWORK_HEADER = YES;
				CLANG_WARN_RANGE_LOOP_ANALYSIS = YES;
				CLANG_WARN_STRICT_PROTOTYPES = YES;
				CLANG_WARN_SUSPICIOUS_MOVE = YES;
				CLANG_WARN_UNGUARDED_AVAILABILITY = YES_AGGRESSIVE;
				CLANG_WARN_UNREACHABLE_CODE = YES;
				CLANG_WARN__DUPLICATE_METHOD_MATCH = YES;
				COPY_PHASE_STRIP = NO;
				DEBUG_INFORMATION_FORMAT = dwarf;
				ENABLE_STRICT_OBJC_MSGSEND = YES;
				ENABLE_TESTABILITY = YES;
				ENABLE_USER_SCRIPT_SANDBOXING = YES;
				GCC_C_LANGUAGE_STANDARD = gnu17;
				GCC_DYNAMIC_NO_PIC = NO;
				GCC_NO_COMMON_BLOCKS = YES;
				GCC_OPTIMIZATION_LEVEL = 0;
				GCC_PREPROCESSOR_DEFINITIONS = (
					"DEBUG=1",
					"$(inherited)",
				);
				GCC_WARN_64_TO_32_BIT_CONVERSION = YES;
				GCC_WARN_ABOUT_RETURN_TYPE = YES_ERROR;
				GCC_WARN_UNDECLARED_SELECTOR = YES;
				GCC_WARN_UNINITIALIZED_AUTOS = YES_AGGRESSIVE;
				GCC_WARN_UNUSED_FUNCTION = YES;
				GCC_WARN_UNUSED_VARIABLE = YES;
				IPHONEOS_DEPLOYMENT_TARGET = 14.0;
				LOCALIZATION_PREFERS_STRING_CATALOGS = YES;
				MTL_ENABLE_DEBUG_INFO = INCLUDE_SOURCE;
				MTL_FAST_MATH = YES;
				ONLY_ACTIVE_ARCH = YES;
				SDKROOT = iphoneos;
				SWIFT_ACTIVE_COMPILATION_CONDITIONS = "DEBUG $(inherited)";
				SWIFT_OPTIMIZATION_LEVEL = "-Onone";
			};
			name = Debug;
		};
		BCBC89002BF6433F00BF624D /* Release */ = {
			isa = XCBuildConfiguration;
			buildSettings = {
				ALWAYS_SEARCH_USER_PATHS = NO;
				ASSETCATALOG_COMPILER_GENERATE_SWIFT_ASSET_SYMBOL_EXTENSIONS = YES;
				CLANG_ANALYZER_NONNULL = YES;
				CLANG_ANALYZER_NUMBER_OBJECT_CONVERSION = YES_AGGRESSIVE;
				CLANG_CXX_LANGUAGE_STANDARD = "gnu++20";
				CLANG_ENABLE_MODULES = YES;
				CLANG_ENABLE_OBJC_ARC = YES;
				CLANG_ENABLE_OBJC_WEAK = YES;
				CLANG_WARN_BLOCK_CAPTURE_AUTORELEASING = YES;
				CLANG_WARN_BOOL_CONVERSION = YES;
				CLANG_WARN_COMMA = YES;
				CLANG_WARN_CONSTANT_CONVERSION = YES;
				CLANG_WARN_DEPRECATED_OBJC_IMPLEMENTATIONS = YES;
				CLANG_WARN_DIRECT_OBJC_ISA_USAGE = YES_ERROR;
				CLANG_WARN_DOCUMENTATION_COMMENTS = YES;
				CLANG_WARN_EMPTY_BODY = YES;
				CLANG_WARN_ENUM_CONVERSION = YES;
				CLANG_WARN_INFINITE_RECURSION = YES;
				CLANG_WARN_INT_CONVERSION = YES;
				CLANG_WARN_NON_LITERAL_NULL_CONVERSION = YES;
				CLANG_WARN_OBJC_IMPLICIT_RETAIN_SELF = YES;
				CLANG_WARN_OBJC_LITERAL_CONVERSION = YES;
				CLANG_WARN_OBJC_ROOT_CLASS = YES_ERROR;
				CLANG_WARN_QUOTED_INCLUDE_IN_FRAMEWORK_HEADER = YES;
				CLANG_WARN_RANGE_LOOP_ANALYSIS = YES;
				CLANG_WARN_STRICT_PROTOTYPES = YES;
				CLANG_WARN_SUSPICIOUS_MOVE = YES;
				CLANG_WARN_UNGUARDED_AVAILABILITY = YES_AGGRESSIVE;
				CLANG_WARN_UNREACHABLE_CODE = YES;
				CLANG_WARN__DUPLICATE_METHOD_MATCH = YES;
				COPY_PHASE_STRIP = NO;
				DEBUG_INFORMATION_FORMAT = "dwarf-with-dsym";
				ENABLE_NS_ASSERTIONS = NO;
				ENABLE_STRICT_OBJC_MSGSEND = YES;
				ENABLE_USER_SCRIPT_SANDBOXING = YES;
				GCC_C_LANGUAGE_STANDARD = gnu17;
				GCC_NO_COMMON_BLOCKS = YES;
				GCC_WARN_64_TO_32_BIT_CONVERSION = YES;
				GCC_WARN_ABOUT_RETURN_TYPE = YES_ERROR;
				GCC_WARN_UNDECLARED_SELECTOR = YES;
				GCC_WARN_UNINITIALIZED_AUTOS = YES_AGGRESSIVE;
				GCC_WARN_UNUSED_FUNCTION = YES;
				GCC_WARN_UNUSED_VARIABLE = YES;
				IPHONEOS_DEPLOYMENT_TARGET = 14.0;
				LOCALIZATION_PREFERS_STRING_CATALOGS = YES;
				MTL_ENABLE_DEBUG_INFO = NO;
				MTL_FAST_MATH = YES;
				SDKROOT = iphoneos;
				SWIFT_COMPILATION_MODE = wholemodule;
				VALIDATE_PRODUCT = YES;
			};
			name = Release;
		};
		BCBC89022BF6433F00BF624D /* Debug */ = {
			isa = XCBuildConfiguration;
			buildSettings = {
				ASSETCATALOG_COMPILER_APPICON_NAME = AppIcon;
				ASSETCATALOG_COMPILER_GLOBAL_ACCENT_COLOR_NAME = AccentColor;
				CODE_SIGN_STYLE = Automatic;
				CURRENT_PROJECT_VERSION = 1;
				DEVELOPMENT_TEAM = 4P845CNK53;
				GENERATE_INFOPLIST_FILE = YES;
				INFOPLIST_FILE = Arbuz/Info.plist;
				INFOPLIST_KEY_UIApplicationSupportsIndirectInputEvents = YES;
				INFOPLIST_KEY_UILaunchStoryboardName = LaunchScreen;
				INFOPLIST_KEY_UIMainStoryboardFile = Main;
				INFOPLIST_KEY_UISupportedInterfaceOrientations_iPad = "UIInterfaceOrientationPortrait UIInterfaceOrientationPortraitUpsideDown UIInterfaceOrientationLandscapeLeft UIInterfaceOrientationLandscapeRight";
				INFOPLIST_KEY_UISupportedInterfaceOrientations_iPhone = "UIInterfaceOrientationPortrait UIInterfaceOrientationLandscapeLeft UIInterfaceOrientationLandscapeRight";
				IPHONEOS_DEPLOYMENT_TARGET = 14.0;
				LD_RUNPATH_SEARCH_PATHS = (
					"$(inherited)",
					"@executable_path/Frameworks",
				);
				MARKETING_VERSION = 1.0;
				PRODUCT_BUNDLE_IDENTIFIER = bbb.com.Arbuz;
				PRODUCT_NAME = "$(TARGET_NAME)";
				SWIFT_EMIT_LOC_STRINGS = YES;
				SWIFT_VERSION = 5.0;
				TARGETED_DEVICE_FAMILY = "1,2";
			};
			name = Debug;
		};
		BCBC89032BF6433F00BF624D /* Release */ = {
			isa = XCBuildConfiguration;
			buildSettings = {
				ASSETCATALOG_COMPILER_APPICON_NAME = AppIcon;
				ASSETCATALOG_COMPILER_GLOBAL_ACCENT_COLOR_NAME = AccentColor;
				CODE_SIGN_STYLE = Automatic;
				CURRENT_PROJECT_VERSION = 1;
				DEVELOPMENT_TEAM = 4P845CNK53;
				GENERATE_INFOPLIST_FILE = YES;
				INFOPLIST_FILE = Arbuz/Info.plist;
				INFOPLIST_KEY_UIApplicationSupportsIndirectInputEvents = YES;
				INFOPLIST_KEY_UILaunchStoryboardName = LaunchScreen;
				INFOPLIST_KEY_UIMainStoryboardFile = Main;
				INFOPLIST_KEY_UISupportedInterfaceOrientations_iPad = "UIInterfaceOrientationPortrait UIInterfaceOrientationPortraitUpsideDown UIInterfaceOrientationLandscapeLeft UIInterfaceOrientationLandscapeRight";
				INFOPLIST_KEY_UISupportedInterfaceOrientations_iPhone = "UIInterfaceOrientationPortrait UIInterfaceOrientationLandscapeLeft UIInterfaceOrientationLandscapeRight";
				IPHONEOS_DEPLOYMENT_TARGET = 14.0;
				LD_RUNPATH_SEARCH_PATHS = (
					"$(inherited)",
					"@executable_path/Frameworks",
				);
				MARKETING_VERSION = 1.0;
				PRODUCT_BUNDLE_IDENTIFIER = bbb.com.Arbuz;
				PRODUCT_NAME = "$(TARGET_NAME)";
				SWIFT_EMIT_LOC_STRINGS = YES;
				SWIFT_VERSION = 5.0;
				TARGETED_DEVICE_FAMILY = "1,2";
			};
			name = Release;
		};
/* End XCBuildConfiguration section */

/* Begin XCConfigurationList section */
		BCBC88E52BF6433D00BF624D /* Build configuration list for PBXProject "Arbuz" */ = {
			isa = XCConfigurationList;
			buildConfigurations = (
				BCBC88FF2BF6433F00BF624D /* Debug */,
				BCBC89002BF6433F00BF624D /* Release */,
			);
			defaultConfigurationIsVisible = 0;
			defaultConfigurationName = Release;
		};
		BCBC89012BF6433F00BF624D /* Build configuration list for PBXNativeTarget "Arbuz" */ = {
			isa = XCConfigurationList;
			buildConfigurations = (
				BCBC89022BF6433F00BF624D /* Debug */,
				BCBC89032BF6433F00BF624D /* Release */,
			);
			defaultConfigurationIsVisible = 0;
			defaultConfigurationName = Release;
		};
/* End XCConfigurationList section */

/* Begin XCVersionGroup section */
		BCBC88F62BF6433D00BF624D /* Arbuz.xcdatamodeld */ = {
			isa = XCVersionGroup;
			children = (
				BCBC88F72BF6433D00BF624D /* Arbuz.xcdatamodel */,
			);
			currentVersion = BCBC88F72BF6433D00BF624D /* Arbuz.xcdatamodel */;
			path = Arbuz.xcdatamodeld;
			sourceTree = "<group>";
			versionGroupType = wrapper.xcdatamodel;
		};
/* End XCVersionGroup section */
	};
	rootObject = BCBC88E22BF6433D00BF624D /* Project object */;
}
